
Microsoft Visual Studio Solution File, Format Version 12.00
# Visual Studio Version 16
VisualStudioVersion = 16.0.29001.49
MinimumVisualStudioVersion = 10.0.40219.1
Project("{FAE04EC0-301F-11D3-BF4B-00C04F79EFBC}") = "GoogleTest", "GoogleTest.csproj", "{96097ED1-E63F-4DFE-8B4A-546015DE85EE}"
EndProject
Global
	GlobalSection(SolutionConfigurationPlatforms) = preSolution
		Debug|Any CPU = Debug|Any CPU
		Release|Any CPU = Release|Any CPU
	EndGlobalSection
	GlobalSection(ProjectConfigurationPlatforms) = postSolution
		{96097ED1-E63F-4DFE-8B4A-546015DE85EE}.Debug|Any CPU.ActiveCfg = Debug|Any CPU
		{96097ED1-E63F-4DFE-8B4A-546015DE85EE}.Debug|Any CPU.Build.0 = Debug|Any CPU
		{96097ED1-E63F-4DFE-8B4A-546015DE85EE}.Release|Any CPU.ActiveCfg = Release|Any CPU
		{96097ED1-E63F-4DFE-8B4A-546015DE85EE}.Release|Any CPU.Build.0 = Release|Any CPU
	EndGlobalSection
	GlobalSection(SolutionProperties) = preSolution
		HideSolutionNode = FALSE
	EndGlobalSection
	GlobalSection(ExtensibilityGlobals) = postSolution
		SolutionGuid = {1098F9D0-67B9-45F4-86FF-319EEAEC1C28}
	EndGlobalSection
EndGlobal
